
Microsoft Visual Studio Solution File, Format Version 12.00
# Visual Studio Version 17
VisualStudioVersion = 17.10.35027.167
MinimumVisualStudioVersion = 10.0.40219.1
Project("{FAE04EC0-301F-11D3-BF4B-00C04F79EFBC}") = "ConsoleApp4", "ConsoleApp4\ConsoleApp4.csproj", "{EDB7DE23-0565-40A6-8C8A-C8C9592C4101}"
EndProject
Global
	GlobalSection(SolutionConfigurationPlatforms) = preSolution
		Debug|Any CPU = Debug|Any CPU
		Release|Any CPU = Release|Any CPU
	EndGlobalSection
	GlobalSection(ProjectConfigurationPlatforms) = postSolution
		{EDB7DE23-0565-40A6-8C8A-C8C9592C4101}.Debug|Any CPU.ActiveCfg = Debug|Any CPU
		{EDB7DE23-0565-40A6-8C8A-C8C9592C4101}.Debug|Any CPU.Build.0 = Debug|Any CPU
		{EDB7DE23-0565-40A6-8C8A-C8C9592C4101}.Release|Any CPU.ActiveCfg = Release|Any CPU
		{EDB7DE23-0565-40A6-8C8A-C8C9592C4101}.Release|Any CPU.Build.0 = Release|Any CPU
	EndGlobalSection
	GlobalSection(SolutionProperties) = preSolution
		HideSolutionNode = FALSE
	EndGlobalSection
	GlobalSection(ExtensibilityGlobals) = postSolution
		SolutionGuid = {0CE8DE69-73AD-4682-9806-0C3BE6323F81}
	EndGlobalSection
EndGlobal
